
Microsoft Visual Studio Solution File, Format Version 12.00
# Visual Studio Version 17
VisualStudioVersion = 17.5.002.0
MinimumVisualStudioVersion = 10.0.40219.1
Project("{9A19103F-16F7-4668-BE54-9A1E7A4F7556}") = "api", "api\api.csproj", "{A38F877D-6566-4FA2-B64A-64DE579E0E91}"
EndProject
Global
	GlobalSection(SolutionConfigurationPlatforms) = preSolution
		Debug|Any CPU = Debug|Any CPU
		Release|Any CPU = Release|Any CPU
	EndGlobalSection
	GlobalSection(ProjectConfigurationPlatforms) = postSolution
		{A38F877D-6566-4FA2-B64A-64DE579E0E91}.Debug|Any CPU.ActiveCfg = Debug|Any CPU
		{A38F877D-6566-4FA2-B64A-64DE579E0E91}.Debug|Any CPU.Build.0 = Debug|Any CPU
		{A38F877D-6566-4FA2-B64A-64DE579E0E91}.Release|Any CPU.ActiveCfg = Release|Any CPU
		{A38F877D-6566-4FA2-B64A-64DE579E0E91}.Release|Any CPU.Build.0 = Release|Any CPU
	EndGlobalSection
	GlobalSection(SolutionProperties) = preSolution
		HideSolutionNode = FALSE
	EndGlobalSection
	GlobalSection(ExtensibilityGlobals) = postSolution
		SolutionGuid = {776C1B35-51AA-47AD-A586-B5CFC10794D0}
	EndGlobalSection
EndGlobal
